PODS:
  - Bolts/Tasks (1.8.4)
  - Charts (3.0.1):
    - Charts/Core (= 3.0.1)
  - Charts/Core (3.0.1)
  - Parse (1.14.2):
    - Bolts/Tasks (~> 1.8)

DEPENDENCIES:
  - Charts
  - Parse

SPEC CHECKSUMS:
  Bolts: 8a7995239dbe724f9cba2248b766d48b7ebdd322
  Charts: 0e84f4418e87dad6a9edde221fba37ebb51d3ba7
  Parse: 4335d65f40cb3d43190d723144bbe1afb9c38230

PODFILE CHECKSUM: bc08b1bb2b38d0983a079a55d31dd927e3737763

COCOAPODS: 1.1.1
